
Microsoft Visual Studio Solution File, Format Version 12.00
# Visual Studio 15
VisualStudioVersion = 15.0.26430.15
MinimumVisualStudioVersion = 10.0.40219.1
Project("{FAE04EC0-301F-11D3-BF4B-00C04F79EFBC}") = "Problem1", "CodeAbbayTasks\Problem1.csproj", "{9642CF8C-C0EB-44F6-B4BA-04EB81F43055}"
EndProject
Project("{FAE04EC0-301F-11D3-BF4B-00C04F79EFBC}") = "Problem2", "Problem2\Problem2.csproj", "{EA101FE3-CBA9-45D7-B75C-2622918C6871}"
EndProject
Project("{FAE04EC0-301F-11D3-BF4B-00C04F79EFBC}") = "Problem3", "Problem3\Problem3.csproj", "{EE0EEF1C-8C4E-40CF-A69D-3CBBF5D4841D}"
EndProject
Project("{FAE04EC0-301F-11D3-BF4B-00C04F79EFBC}") = "Problem4", "Problem4\Problem4.csproj", "{96E8E97D-D3C1-4ADB-B04A-BBCB00152B4B}"
EndProject
Project("{FAE04EC0-301F-11D3-BF4B-00C04F79EFBC}") = "Problem5", "Problem5\Problem5.csproj", "{62EFE848-EF4A-4A3D-878E-766392B7108F}"
EndProject
Project("{FAE04EC0-301F-11D3-BF4B-00C04F79EFBC}") = "Problem6", "Problem6\Problem6.csproj", "{42B6139A-9075-4816-B28C-24D9408D530E}"
EndProject
Project("{FAE04EC0-301F-11D3-BF4B-00C04F79EFBC}") = "Problem7", "Problem7\Problem7.csproj", "{596B7012-16EA-4106-AE3F-94A9B3DD0A35}"
EndProject
Project("{FAE04EC0-301F-11D3-BF4B-00C04F79EFBC}") = "Problem8", "Problem8\Problem8.csproj", "{BC46D89D-A8EF-45EE-9B52-10CB5E8013F5}"
EndProject
Project("{FAE04EC0-301F-11D3-BF4B-00C04F79EFBC}") = "Problem9", "Problem9\Problem9.csproj", "{6A12FC8C-6DB4-40AC-95F3-F7D539F1B1CD}"
EndProject
Project("{FAE04EC0-301F-11D3-BF4B-00C04F79EFBC}") = "Problem11", "Problem11\Problem11.csproj", "{24FF55AA-7C57-48A8-A37E-B9E6367A5C85}"
EndProject
Project("{FAE04EC0-301F-11D3-BF4B-00C04F79EFBC}") = "Problem20", "Problem20\Problem20.csproj", "{56AE724C-418E-4FDC-8484-F9354FD5B478}"
EndProject
Project("{FAE04EC0-301F-11D3-BF4B-00C04F79EFBC}") = "Problem15", "Problem15\Problem15.csproj", "{37FCFB82-204E-4903-89ED-FA05902C0F3E}"
EndProject
Project("{FAE04EC0-301F-11D3-BF4B-00C04F79EFBC}") = "Problem41", "Problem41\Problem41.csproj", "{191853CC-8CA2-496E-86FC-72CB8843F577}"
EndProject
Project("{FAE04EC0-301F-11D3-BF4B-00C04F79EFBC}") = "Problem28", "Problem28\Problem28.csproj", "{782672AF-5130-401E-9EFA-002B4D7563B8}"
EndProject
Project("{FAE04EC0-301F-11D3-BF4B-00C04F79EFBC}") = "Problem43", "Problem43\Problem43.csproj", "{C1DC0239-C54D-43A5-BA10-F906C44C95EB}"
EndProject
Project("{FAE04EC0-301F-11D3-BF4B-00C04F79EFBC}") = "Problem30", "Problem30\Problem30.csproj", "{148BD4C7-F101-4B5B-AF6E-921D6470D4E7}"
EndProject
Project("{FAE04EC0-301F-11D3-BF4B-00C04F79EFBC}") = "Problem21", "Problem21\Problem21.csproj", "{46999CB4-A487-4D72-8E06-B6FCA0E3EA41}"
EndProject
Project("{FAE04EC0-301F-11D3-BF4B-00C04F79EFBC}") = "Problem48", "Problem48\Problem48.csproj", "{8010D563-8F36-4A5C-9682-45A0F640C610}"
EndProject
Project("{FAE04EC0-301F-11D3-BF4B-00C04F79EFBC}") = "Problem31", "Problem31\Problem31.csproj", "{63882738-FCA1-4A68-8C08-6AF01FC0080E}"
EndProject
Project("{FAE04EC0-301F-11D3-BF4B-00C04F79EFBC}") = "Problem16", "Problem16\Problem16.csproj", "{7472A9A4-C8A5-489E-80B6-D670C663AA6D}"
EndProject
Project("{FAE04EC0-301F-11D3-BF4B-00C04F79EFBC}") = "Problem27", "Problem27\Problem27.csproj", "{BBB1B91E-BAB2-427F-8B0E-C31150361E81}"
EndProject
Project("{FAE04EC0-301F-11D3-BF4B-00C04F79EFBC}") = "Problem13", "Problem13\Problem13.csproj", "{247F371D-1707-41B4-9AC7-773171ECD574}"
EndProject
Project("{FAE04EC0-301F-11D3-BF4B-00C04F79EFBC}") = "Problem17", "Problem17\Problem17.csproj", "{AF950910-B063-4F04-A0E2-EBCC1E876B59}"
EndProject
Project("{FAE04EC0-301F-11D3-BF4B-00C04F79EFBC}") = "Problem14", "Problem14\Problem14.csproj", "{DAB69F58-8C1B-433E-B394-3F225B1A7900}"
EndProject
Project("{FAE04EC0-301F-11D3-BF4B-00C04F79EFBC}") = "Problem67", "Problem67\Problem67.csproj", "{3E0D77E7-94FB-4D34-962D-A03B0D2D1304}"
EndProject
Project("{FAE04EC0-301F-11D3-BF4B-00C04F79EFBC}") = "Problem26", "Problem26\Problem26.csproj", "{39301FDC-8839-44C5-91B5-FD2E4C4ACA74}"
EndProject
Project("{FAE04EC0-301F-11D3-BF4B-00C04F79EFBC}") = "Problem57", "Problem57\Problem57.csproj", "{2023A284-3A8B-4E35-9A6F-FF13B0C4C9A9}"
EndProject
Project("{FAE04EC0-301F-11D3-BF4B-00C04F79EFBC}") = "Problem68", "Problem68\Problem68.csproj", "{8662E486-BE8D-4C14-AB16-BFA610A00A6E}"
EndProject
Project("{FAE04EC0-301F-11D3-BF4B-00C04F79EFBC}") = "Problem32", "Problem32\Problem32.csproj", "{4DACFF3F-DBB8-448C-946A-D022464BCF5A}"
EndProject
Project("{FAE04EC0-301F-11D3-BF4B-00C04F79EFBC}") = "Problem81", "Problem81\Problem81.csproj", "{596295D3-8865-42D8-B2B1-ACCD481C947E}"
EndProject
Project("{FAE04EC0-301F-11D3-BF4B-00C04F79EFBC}") = "Problem52", "Problem52\Problem52.csproj", "{0DCD5BE1-A158-40CC-9F3D-18C10043C97E}"
EndProject
Project("{FAE04EC0-301F-11D3-BF4B-00C04F79EFBC}") = "Problem50", "Problem50\Problem50.csproj", "{F3232C88-1E19-47D6-8164-C495966BD3C3}"
EndProject
Project("{FAE04EC0-301F-11D3-BF4B-00C04F79EFBC}") = "Problem12", "Problem12\Problem12.csproj", "{5E4B4D0E-DF36-474A-A7B6-3710032BE9A4}"
EndProject
Project("{FAE04EC0-301F-11D3-BF4B-00C04F79EFBC}") = "Problem29", "Problem29\Problem29.csproj", "{F7CC2EDC-D4DD-4FED-845A-A9DA94506A9F}"
EndProject
Project("{FAE04EC0-301F-11D3-BF4B-00C04F79EFBC}") = "Problem23", "Problem23\Problem23.csproj", "{263AEF74-6965-4A36-9ED6-EEFF71823A14}"
EndProject
Project("{FAE04EC0-301F-11D3-BF4B-00C04F79EFBC}") = "Problem44", "Problem44\Problem44.csproj", "{8111E960-8052-4C05-A0A7-1B3F52AFC42F}"
EndProject
Project("{FAE04EC0-301F-11D3-BF4B-00C04F79EFBC}") = "Problem58", "Problem58\Problem58.csproj", "{8CC4F62B-ED6A-4BC6-8F56-04272BF726B4}"
EndProject
Project("{FAE04EC0-301F-11D3-BF4B-00C04F79EFBC}") = "Problem35", "Problem35\Problem35.csproj", "{1DCCF64D-A190-4A5B-80BD-687C3120259A}"
EndProject
Project("{FAE04EC0-301F-11D3-BF4B-00C04F79EFBC}") = "Problem47", "Problem47\Problem47.csproj", "{7D36F06B-C880-43FD-8536-E9ADC55A13EF}"
EndProject
Project("{FAE04EC0-301F-11D3-BF4B-00C04F79EFBC}") = "Problem49", "Problem49\Problem49.csproj", "{60F37178-E58F-4613-8677-00F1860AD683}"
EndProject
Project("{FAE04EC0-301F-11D3-BF4B-00C04F79EFBC}") = "Problem25", "Problem25\Problem25.csproj", "{9E50D2A9-B78F-48AF-8574-9AAD40F5FEDF}"
EndProject
Project("{FAE04EC0-301F-11D3-BF4B-00C04F79EFBC}") = "Problem104", "Problem104\Problem104.csproj", "{14F52FF6-7927-4498-97A8-CF3448997322}"
EndProject
Project("{FAE04EC0-301F-11D3-BF4B-00C04F79EFBC}") = "Problem10", "Problem10\Problem10.csproj", "{A9225985-9128-459A-AB6C-40A0434A535B}"
EndProject
Project("{FAE04EC0-301F-11D3-BF4B-00C04F79EFBC}") = "Problem55", "Problem55\Problem55.csproj", "{9CF20652-9356-4611-9413-C25ECAE5408F}"
EndProject
Project("{FAE04EC0-301F-11D3-BF4B-00C04F79EFBC}") = "Problem22", "Problem22\Problem22.csproj", "{F62EE57A-906C-4C69-8DB3-52AEA14CE21C}"
EndProject
Project("{FAE04EC0-301F-11D3-BF4B-00C04F79EFBC}") = "Problem18", "Problem18\Problem18.csproj", "{FCCE0EB6-6E2E-44B5-A4BC-253593F4477B}"
EndProject
Project("{FAE04EC0-301F-11D3-BF4B-00C04F79EFBC}") = "Problem24", "Problem24\Problem24.csproj", "{21135360-0EFE-4C10-9491-FF4F9A6194A8}"
EndProject
Project("{FAE04EC0-301F-11D3-BF4B-00C04F79EFBC}") = "Problem61", "Problem61\Problem61.csproj", "{70BCF127-8C96-4F16-9741-51DC64A7DB86}"
EndProject
Project("{FAE04EC0-301F-11D3-BF4B-00C04F79EFBC}") = "Problem94", "Problem94\Problem94.csproj", "{B618B896-BC1A-4050-B80A-BEE526718A04}"
EndProject
Project("{FAE04EC0-301F-11D3-BF4B-00C04F79EFBC}") = "Problem128", "Problem128\Problem128.csproj", "{48025231-6AEC-4765-8B34-B56CBE0CC052}"
EndProject
Project("{FAE04EC0-301F-11D3-BF4B-00C04F79EFBC}") = "Problem42", "Problem42\Problem42.csproj", "{321AE4A5-0BCC-4219-9C0A-4EBA8BF110D1}"
EndProject
Project("{FAE04EC0-301F-11D3-BF4B-00C04F79EFBC}") = "Problem63", "Problem63\Problem63.csproj", "{0FBC34E0-2EC6-4813-A9A6-C489A8C0AB95}"
EndProject
Global
	GlobalSection(SolutionConfigurationPlatforms) = preSolution
		Debug|Any CPU = Debug|Any CPU
		Release|Any CPU = Release|Any CPU
	EndGlobalSection
	GlobalSection(ProjectConfigurationPlatforms) = postSolution
		{9642CF8C-C0EB-44F6-B4BA-04EB81F43055}.Debug|Any CPU.ActiveCfg = Debug|Any CPU
		{9642CF8C-C0EB-44F6-B4BA-04EB81F43055}.Debug|Any CPU.Build.0 = Debug|Any CPU
		{9642CF8C-C0EB-44F6-B4BA-04EB81F43055}.Release|Any CPU.ActiveCfg = Release|Any CPU
		{9642CF8C-C0EB-44F6-B4BA-04EB81F43055}.Release|Any CPU.Build.0 = Release|Any CPU
		{EA101FE3-CBA9-45D7-B75C-2622918C6871}.Debug|Any CPU.ActiveCfg = Debug|Any CPU
		{EA101FE3-CBA9-45D7-B75C-2622918C6871}.Debug|Any CPU.Build.0 = Debug|Any CPU
		{EA101FE3-CBA9-45D7-B75C-2622918C6871}.Release|Any CPU.ActiveCfg = Release|Any CPU
		{EA101FE3-CBA9-45D7-B75C-2622918C6871}.Release|Any CPU.Build.0 = Release|Any CPU
		{EE0EEF1C-8C4E-40CF-A69D-3CBBF5D4841D}.Debug|Any CPU.ActiveCfg = Debug|Any CPU
		{EE0EEF1C-8C4E-40CF-A69D-3CBBF5D4841D}.Debug|Any CPU.Build.0 = Debug|Any CPU
		{EE0EEF1C-8C4E-40CF-A69D-3CBBF5D4841D}.Release|Any CPU.ActiveCfg = Release|Any CPU
		{EE0EEF1C-8C4E-40CF-A69D-3CBBF5D4841D}.Release|Any CPU.Build.0 = Release|Any CPU
		{96E8E97D-D3C1-4ADB-B04A-BBCB00152B4B}.Debug|Any CPU.ActiveCfg = Debug|Any CPU
		{96E8E97D-D3C1-4ADB-B04A-BBCB00152B4B}.Debug|Any CPU.Build.0 = Debug|Any CPU
		{96E8E97D-D3C1-4ADB-B04A-BBCB00152B4B}.Release|Any CPU.ActiveCfg = Release|Any CPU
		{96E8E97D-D3C1-4ADB-B04A-BBCB00152B4B}.Release|Any CPU.Build.0 = Release|Any CPU
		{62EFE848-EF4A-4A3D-878E-766392B7108F}.Debug|Any CPU.ActiveCfg = Debug|Any CPU
		{62EFE848-EF4A-4A3D-878E-766392B7108F}.Debug|Any CPU.Build.0 = Debug|Any CPU
		{62EFE848-EF4A-4A3D-878E-766392B7108F}.Release|Any CPU.ActiveCfg = Release|Any CPU
		{62EFE848-EF4A-4A3D-878E-766392B7108F}.Release|Any CPU.Build.0 = Release|Any CPU
		{42B6139A-9075-4816-B28C-24D9408D530E}.Debug|Any CPU.ActiveCfg = Debug|Any CPU
		{42B6139A-9075-4816-B28C-24D9408D530E}.Debug|Any CPU.Build.0 = Debug|Any CPU
		{42B6139A-9075-4816-B28C-24D9408D530E}.Release|Any CPU.ActiveCfg = Release|Any CPU
		{42B6139A-9075-4816-B28C-24D9408D530E}.Release|Any CPU.Build.0 = Release|Any CPU
		{596B7012-16EA-4106-AE3F-94A9B3DD0A35}.Debug|Any CPU.ActiveCfg = Debug|Any CPU
		{596B7012-16EA-4106-AE3F-94A9B3DD0A35}.Debug|Any CPU.Build.0 = Debug|Any CPU
		{596B7012-16EA-4106-AE3F-94A9B3DD0A35}.Release|Any CPU.ActiveCfg = Release|Any CPU
		{596B7012-16EA-4106-AE3F-94A9B3DD0A35}.Release|Any CPU.Build.0 = Release|Any CPU
		{BC46D89D-A8EF-45EE-9B52-10CB5E8013F5}.Debug|Any CPU.ActiveCfg = Debug|Any CPU
		{BC46D89D-A8EF-45EE-9B52-10CB5E8013F5}.Debug|Any CPU.Build.0 = Debug|Any CPU
		{BC46D89D-A8EF-45EE-9B52-10CB5E8013F5}.Release|Any CPU.ActiveCfg = Release|Any CPU
		{BC46D89D-A8EF-45EE-9B52-10CB5E8013F5}.Release|Any CPU.Build.0 = Release|Any CPU
		{6A12FC8C-6DB4-40AC-95F3-F7D539F1B1CD}.Debug|Any CPU.ActiveCfg = Debug|Any CPU
		{6A12FC8C-6DB4-40AC-95F3-F7D539F1B1CD}.Debug|Any CPU.Build.0 = Debug|Any CPU
		{6A12FC8C-6DB4-40AC-95F3-F7D539F1B1CD}.Release|Any CPU.ActiveCfg = Release|Any CPU
		{6A12FC8C-6DB4-40AC-95F3-F7D539F1B1CD}.Release|Any CPU.Build.0 = Release|Any CPU
		{24FF55AA-7C57-48A8-A37E-B9E6367A5C85}.Debug|Any CPU.ActiveCfg = Debug|Any CPU
		{24FF55AA-7C57-48A8-A37E-B9E6367A5C85}.Debug|Any CPU.Build.0 = Debug|Any CPU
		{24FF55AA-7C57-48A8-A37E-B9E6367A5C85}.Release|Any CPU.ActiveCfg = Release|Any CPU
		{24FF55AA-7C57-48A8-A37E-B9E6367A5C85}.Release|Any CPU.Build.0 = Release|Any CPU
		{56AE724C-418E-4FDC-8484-F9354FD5B478}.Debug|Any CPU.ActiveCfg = Debug|Any CPU
		{56AE724C-418E-4FDC-8484-F9354FD5B478}.Debug|Any CPU.Build.0 = Debug|Any CPU
		{56AE724C-418E-4FDC-8484-F9354FD5B478}.Release|Any CPU.ActiveCfg = Release|Any CPU
		{56AE724C-418E-4FDC-8484-F9354FD5B478}.Release|Any CPU.Build.0 = Release|Any CPU
		{37FCFB82-204E-4903-89ED-FA05902C0F3E}.Debug|Any CPU.ActiveCfg = Debug|Any CPU
		{37FCFB82-204E-4903-89ED-FA05902C0F3E}.Debug|Any CPU.Build.0 = Debug|Any CPU
		{37FCFB82-204E-4903-89ED-FA05902C0F3E}.Release|Any CPU.ActiveCfg = Release|Any CPU
		{37FCFB82-204E-4903-89ED-FA05902C0F3E}.Release|Any CPU.Build.0 = Release|Any CPU
		{191853CC-8CA2-496E-86FC-72CB8843F577}.Debug|Any CPU.ActiveCfg = Debug|Any CPU
		{191853CC-8CA2-496E-86FC-72CB8843F577}.Debug|Any CPU.Build.0 = Debug|Any CPU
		{191853CC-8CA2-496E-86FC-72CB8843F577}.Release|Any CPU.ActiveCfg = Release|Any CPU
		{191853CC-8CA2-496E-86FC-72CB8843F577}.Release|Any CPU.Build.0 = Release|Any CPU
		{782672AF-5130-401E-9EFA-002B4D7563B8}.Debug|Any CPU.ActiveCfg = Debug|Any CPU
		{782672AF-5130-401E-9EFA-002B4D7563B8}.Debug|Any CPU.Build.0 = Debug|Any CPU
		{782672AF-5130-401E-9EFA-002B4D7563B8}.Release|Any CPU.ActiveCfg = Release|Any CPU
		{782672AF-5130-401E-9EFA-002B4D7563B8}.Release|Any CPU.Build.0 = Release|Any CPU
		{C1DC0239-C54D-43A5-BA10-F906C44C95EB}.Debug|Any CPU.ActiveCfg = Debug|Any CPU
		{C1DC0239-C54D-43A5-BA10-F906C44C95EB}.Debug|Any CPU.Build.0 = Debug|Any CPU
		{C1DC0239-C54D-43A5-BA10-F906C44C95EB}.Release|Any CPU.ActiveCfg = Release|Any CPU
		{C1DC0239-C54D-43A5-BA10-F906C44C95EB}.Release|Any CPU.Build.0 = Release|Any CPU
		{148BD4C7-F101-4B5B-AF6E-921D6470D4E7}.Debug|Any CPU.ActiveCfg = Debug|Any CPU
		{148BD4C7-F101-4B5B-AF6E-921D6470D4E7}.Debug|Any CPU.Build.0 = Debug|Any CPU
		{148BD4C7-F101-4B5B-AF6E-921D6470D4E7}.Release|Any CPU.ActiveCfg = Release|Any CPU
		{148BD4C7-F101-4B5B-AF6E-921D6470D4E7}.Release|Any CPU.Build.0 = Release|Any CPU
		{46999CB4-A487-4D72-8E06-B6FCA0E3EA41}.Debug|Any CPU.ActiveCfg = Debug|Any CPU
		{46999CB4-A487-4D72-8E06-B6FCA0E3EA41}.Debug|Any CPU.Build.0 = Debug|Any CPU
		{46999CB4-A487-4D72-8E06-B6FCA0E3EA41}.Release|Any CPU.ActiveCfg = Release|Any CPU
		{46999CB4-A487-4D72-8E06-B6FCA0E3EA41}.Release|Any CPU.Build.0 = Release|Any CPU
		{8010D563-8F36-4A5C-9682-45A0F640C610}.Debug|Any CPU.ActiveCfg = Debug|Any CPU
		{8010D563-8F36-4A5C-9682-45A0F640C610}.Debug|Any CPU.Build.0 = Debug|Any CPU
		{8010D563-8F36-4A5C-9682-45A0F640C610}.Release|Any CPU.ActiveCfg = Release|Any CPU
		{8010D563-8F36-4A5C-9682-45A0F640C610}.Release|Any CPU.Build.0 = Release|Any CPU
		{63882738-FCA1-4A68-8C08-6AF01FC0080E}.Debug|Any CPU.ActiveCfg = Debug|Any CPU
		{63882738-FCA1-4A68-8C08-6AF01FC0080E}.Debug|Any CPU.Build.0 = Debug|Any CPU
		{63882738-FCA1-4A68-8C08-6AF01FC0080E}.Release|Any CPU.ActiveCfg = Release|Any CPU
		{63882738-FCA1-4A68-8C08-6AF01FC0080E}.Release|Any CPU.Build.0 = Release|Any CPU
		{7472A9A4-C8A5-489E-80B6-D670C663AA6D}.Debug|Any CPU.ActiveCfg = Debug|Any CPU
		{7472A9A4-C8A5-489E-80B6-D670C663AA6D}.Debug|Any CPU.Build.0 = Debug|Any CPU
		{7472A9A4-C8A5-489E-80B6-D670C663AA6D}.Release|Any CPU.ActiveCfg = Release|Any CPU
		{7472A9A4-C8A5-489E-80B6-D670C663AA6D}.Release|Any CPU.Build.0 = Release|Any CPU
		{BBB1B91E-BAB2-427F-8B0E-C31150361E81}.Debug|Any CPU.ActiveCfg = Debug|Any CPU
		{BBB1B91E-BAB2-427F-8B0E-C31150361E81}.Debug|Any CPU.Build.0 = Debug|Any CPU
		{BBB1B91E-BAB2-427F-8B0E-C31150361E81}.Release|Any CPU.ActiveCfg = Release|Any CPU
		{BBB1B91E-BAB2-427F-8B0E-C31150361E81}.Release|Any CPU.Build.0 = Release|Any CPU
		{247F371D-1707-41B4-9AC7-773171ECD574}.Debug|Any CPU.ActiveCfg = Debug|Any CPU
		{247F371D-1707-41B4-9AC7-773171ECD574}.Debug|Any CPU.Build.0 = Debug|Any CPU
		{247F371D-1707-41B4-9AC7-773171ECD574}.Release|Any CPU.ActiveCfg = Release|Any CPU
		{247F371D-1707-41B4-9AC7-773171ECD574}.Release|Any CPU.Build.0 = Release|Any CPU
		{AF950910-B063-4F04-A0E2-EBCC1E876B59}.Debug|Any CPU.ActiveCfg = Debug|Any CPU
		{AF950910-B063-4F04-A0E2-EBCC1E876B59}.Debug|Any CPU.Build.0 = Debug|Any CPU
		{AF950910-B063-4F04-A0E2-EBCC1E876B59}.Release|Any CPU.ActiveCfg = Release|Any CPU
		{AF950910-B063-4F04-A0E2-EBCC1E876B59}.Release|Any CPU.Build.0 = Release|Any CPU
		{DAB69F58-8C1B-433E-B394-3F225B1A7900}.Debug|Any CPU.ActiveCfg = Debug|Any CPU
		{DAB69F58-8C1B-433E-B394-3F225B1A7900}.Debug|Any CPU.Build.0 = Debug|Any CPU
		{DAB69F58-8C1B-433E-B394-3F225B1A7900}.Release|Any CPU.ActiveCfg = Release|Any CPU
		{DAB69F58-8C1B-433E-B394-3F225B1A7900}.Release|Any CPU.Build.0 = Release|Any CPU
		{3E0D77E7-94FB-4D34-962D-A03B0D2D1304}.Debug|Any CPU.ActiveCfg = Debug|Any CPU
		{3E0D77E7-94FB-4D34-962D-A03B0D2D1304}.Debug|Any CPU.Build.0 = Debug|Any CPU
		{3E0D77E7-94FB-4D34-962D-A03B0D2D1304}.Release|Any CPU.ActiveCfg = Release|Any CPU
		{3E0D77E7-94FB-4D34-962D-A03B0D2D1304}.Release|Any CPU.Build.0 = Release|Any CPU
		{39301FDC-8839-44C5-91B5-FD2E4C4ACA74}.Debug|Any CPU.ActiveCfg = Debug|Any CPU
		{39301FDC-8839-44C5-91B5-FD2E4C4ACA74}.Debug|Any CPU.Build.0 = Debug|Any CPU
		{39301FDC-8839-44C5-91B5-FD2E4C4ACA74}.Release|Any CPU.ActiveCfg = Release|Any CPU
		{39301FDC-8839-44C5-91B5-FD2E4C4ACA74}.Release|Any CPU.Build.0 = Release|Any CPU
		{2023A284-3A8B-4E35-9A6F-FF13B0C4C9A9}.Debug|Any CPU.ActiveCfg = Debug|Any CPU
		{2023A284-3A8B-4E35-9A6F-FF13B0C4C9A9}.Debug|Any CPU.Build.0 = Debug|Any CPU
		{2023A284-3A8B-4E35-9A6F-FF13B0C4C9A9}.Release|Any CPU.ActiveCfg = Release|Any CPU
		{2023A284-3A8B-4E35-9A6F-FF13B0C4C9A9}.Release|Any CPU.Build.0 = Release|Any CPU
		{8662E486-BE8D-4C14-AB16-BFA610A00A6E}.Debug|Any CPU.ActiveCfg = Debug|Any CPU
		{8662E486-BE8D-4C14-AB16-BFA610A00A6E}.Debug|Any CPU.Build.0 = Debug|Any CPU
		{8662E486-BE8D-4C14-AB16-BFA610A00A6E}.Release|Any CPU.ActiveCfg = Release|Any CPU
		{8662E486-BE8D-4C14-AB16-BFA610A00A6E}.Release|Any CPU.Build.0 = Release|Any CPU
		{4DACFF3F-DBB8-448C-946A-D022464BCF5A}.Debug|Any CPU.ActiveCfg = Debug|Any CPU
		{4DACFF3F-DBB8-448C-946A-D022464BCF5A}.Debug|Any CPU.Build.0 = Debug|Any CPU
		{4DACFF3F-DBB8-448C-946A-D022464BCF5A}.Release|Any CPU.ActiveCfg = Release|Any CPU
		{4DACFF3F-DBB8-448C-946A-D022464BCF5A}.Release|Any CPU.Build.0 = Release|Any CPU
		{596295D3-8865-42D8-B2B1-ACCD481C947E}.Debug|Any CPU.ActiveCfg = Debug|Any CPU
		{596295D3-8865-42D8-B2B1-ACCD481C947E}.Debug|Any CPU.Build.0 = Debug|Any CPU
		{596295D3-8865-42D8-B2B1-ACCD481C947E}.Release|Any CPU.ActiveCfg = Release|Any CPU
		{596295D3-8865-42D8-B2B1-ACCD481C947E}.Release|Any CPU.Build.0 = Release|Any CPU
		{0DCD5BE1-A158-40CC-9F3D-18C10043C97E}.Debug|Any CPU.ActiveCfg = Debug|Any CPU
		{0DCD5BE1-A158-40CC-9F3D-18C10043C97E}.Debug|Any CPU.Build.0 = Debug|Any CPU
		{0DCD5BE1-A158-40CC-9F3D-18C10043C97E}.Release|Any CPU.ActiveCfg = Release|Any CPU
		{0DCD5BE1-A158-40CC-9F3D-18C10043C97E}.Release|Any CPU.Build.0 = Release|Any CPU
		{F3232C88-1E19-47D6-8164-C495966BD3C3}.Debug|Any CPU.ActiveCfg = Debug|Any CPU
		{F3232C88-1E19-47D6-8164-C495966BD3C3}.Debug|Any CPU.Build.0 = Debug|Any CPU
		{F3232C88-1E19-47D6-8164-C495966BD3C3}.Release|Any CPU.ActiveCfg = Release|Any CPU
		{F3232C88-1E19-47D6-8164-C495966BD3C3}.Release|Any CPU.Build.0 = Release|Any CPU
		{5E4B4D0E-DF36-474A-A7B6-3710032BE9A4}.Debug|Any CPU.ActiveCfg = Debug|Any CPU
		{5E4B4D0E-DF36-474A-A7B6-3710032BE9A4}.Debug|Any CPU.Build.0 = Debug|Any CPU
		{5E4B4D0E-DF36-474A-A7B6-3710032BE9A4}.Release|Any CPU.ActiveCfg = Release|Any CPU
		{5E4B4D0E-DF36-474A-A7B6-3710032BE9A4}.Release|Any CPU.Build.0 = Release|Any CPU
		{F7CC2EDC-D4DD-4FED-845A-A9DA94506A9F}.Debug|Any CPU.ActiveCfg = Debug|Any CPU
		{F7CC2EDC-D4DD-4FED-845A-A9DA94506A9F}.Debug|Any CPU.Build.0 = Debug|Any CPU
		{F7CC2EDC-D4DD-4FED-845A-A9DA94506A9F}.Release|Any CPU.ActiveCfg = Release|Any CPU
		{F7CC2EDC-D4DD-4FED-845A-A9DA94506A9F}.Release|Any CPU.Build.0 = Release|Any CPU
		{263AEF74-6965-4A36-9ED6-EEFF71823A14}.Debug|Any CPU.ActiveCfg = Debug|Any CPU
		{263AEF74-6965-4A36-9ED6-EEFF71823A14}.Debug|Any CPU.Build.0 = Debug|Any CPU
		{263AEF74-6965-4A36-9ED6-EEFF71823A14}.Release|Any CPU.ActiveCfg = Release|Any CPU
		{263AEF74-6965-4A36-9ED6-EEFF71823A14}.Release|Any CPU.Build.0 = Release|Any CPU
		{8111E960-8052-4C05-A0A7-1B3F52AFC42F}.Debug|Any CPU.ActiveCfg = Debug|Any CPU
		{8111E960-8052-4C05-A0A7-1B3F52AFC42F}.Debug|Any CPU.Build.0 = Debug|Any CPU
		{8111E960-8052-4C05-A0A7-1B3F52AFC42F}.Release|Any CPU.ActiveCfg = Release|Any CPU
		{8111E960-8052-4C05-A0A7-1B3F52AFC42F}.Release|Any CPU.Build.0 = Release|Any CPU
		{8CC4F62B-ED6A-4BC6-8F56-04272BF726B4}.Debug|Any CPU.ActiveCfg = Debug|Any CPU
		{8CC4F62B-ED6A-4BC6-8F56-04272BF726B4}.Debug|Any CPU.Build.0 = Debug|Any CPU
		{8CC4F62B-ED6A-4BC6-8F56-04272BF726B4}.Release|Any CPU.ActiveCfg = Release|Any CPU
		{8CC4F62B-ED6A-4BC6-8F56-04272BF726B4}.Release|Any CPU.Build.0 = Release|Any CPU
		{1DCCF64D-A190-4A5B-80BD-687C3120259A}.Debug|Any CPU.ActiveCfg = Debug|Any CPU
		{1DCCF64D-A190-4A5B-80BD-687C3120259A}.Debug|Any CPU.Build.0 = Debug|Any CPU
		{1DCCF64D-A190-4A5B-80BD-687C3120259A}.Release|Any CPU.ActiveCfg = Release|Any CPU
		{1DCCF64D-A190-4A5B-80BD-687C3120259A}.Release|Any CPU.Build.0 = Release|Any CPU
		{7D36F06B-C880-43FD-8536-E9ADC55A13EF}.Debug|Any CPU.ActiveCfg = Debug|Any CPU
		{7D36F06B-C880-43FD-8536-E9ADC55A13EF}.Debug|Any CPU.Build.0 = Debug|Any CPU
		{7D36F06B-C880-43FD-8536-E9ADC55A13EF}.Release|Any CPU.ActiveCfg = Release|Any CPU
		{7D36F06B-C880-43FD-8536-E9ADC55A13EF}.Release|Any CPU.Build.0 = Release|Any CPU
		{60F37178-E58F-4613-8677-00F1860AD683}.Debug|Any CPU.ActiveCfg = Debug|Any CPU
		{60F37178-E58F-4613-8677-00F1860AD683}.Debug|Any CPU.Build.0 = Debug|Any CPU
		{60F37178-E58F-4613-8677-00F1860AD683}.Release|Any CPU.ActiveCfg = Release|Any CPU
		{60F37178-E58F-4613-8677-00F1860AD683}.Release|Any CPU.Build.0 = Release|Any CPU
		{9E50D2A9-B78F-48AF-8574-9AAD40F5FEDF}.Debug|Any CPU.ActiveCfg = Debug|Any CPU
		{9E50D2A9-B78F-48AF-8574-9AAD40F5FEDF}.Debug|Any CPU.Build.0 = Debug|Any CPU
		{9E50D2A9-B78F-48AF-8574-9AAD40F5FEDF}.Release|Any CPU.ActiveCfg = Release|Any CPU
		{9E50D2A9-B78F-48AF-8574-9AAD40F5FEDF}.Release|Any CPU.Build.0 = Release|Any CPU
		{14F52FF6-7927-4498-97A8-CF3448997322}.Debug|Any CPU.ActiveCfg = Debug|Any CPU
		{14F52FF6-7927-4498-97A8-CF3448997322}.Debug|Any CPU.Build.0 = Debug|Any CPU
		{14F52FF6-7927-4498-97A8-CF3448997322}.Release|Any CPU.ActiveCfg = Release|Any CPU
		{14F52FF6-7927-4498-97A8-CF3448997322}.Release|Any CPU.Build.0 = Release|Any CPU
		{A9225985-9128-459A-AB6C-40A0434A535B}.Debug|Any CPU.ActiveCfg = Debug|Any CPU
		{A9225985-9128-459A-AB6C-40A0434A535B}.Debug|Any CPU.Build.0 = Debug|Any CPU
		{A9225985-9128-459A-AB6C-40A0434A535B}.Release|Any CPU.ActiveCfg = Release|Any CPU
		{A9225985-9128-459A-AB6C-40A0434A535B}.Release|Any CPU.Build.0 = Release|Any CPU
		{9CF20652-9356-4611-9413-C25ECAE5408F}.Debug|Any CPU.ActiveCfg = Debug|Any CPU
		{9CF20652-9356-4611-9413-C25ECAE5408F}.Debug|Any CPU.Build.0 = Debug|Any CPU
		{9CF20652-9356-4611-9413-C25ECAE5408F}.Release|Any CPU.ActiveCfg = Release|Any CPU
		{9CF20652-9356-4611-9413-C25ECAE5408F}.Release|Any CPU.Build.0 = Release|Any CPU
		{F62EE57A-906C-4C69-8DB3-52AEA14CE21C}.Debug|Any CPU.ActiveCfg = Debug|Any CPU
		{F62EE57A-906C-4C69-8DB3-52AEA14CE21C}.Debug|Any CPU.Build.0 = Debug|Any CPU
		{F62EE57A-906C-4C69-8DB3-52AEA14CE21C}.Release|Any CPU.ActiveCfg = Release|Any CPU
		{F62EE57A-906C-4C69-8DB3-52AEA14CE21C}.Release|Any CPU.Build.0 = Release|Any CPU
		{FCCE0EB6-6E2E-44B5-A4BC-253593F4477B}.Debug|Any CPU.ActiveCfg = Debug|Any CPU
		{FCCE0EB6-6E2E-44B5-A4BC-253593F4477B}.Debug|Any CPU.Build.0 = Debug|Any CPU
		{FCCE0EB6-6E2E-44B5-A4BC-253593F4477B}.Release|Any CPU.ActiveCfg = Release|Any CPU
		{FCCE0EB6-6E2E-44B5-A4BC-253593F4477B}.Release|Any CPU.Build.0 = Release|Any CPU
		{21135360-0EFE-4C10-9491-FF4F9A6194A8}.Debug|Any CPU.ActiveCfg = Debug|Any CPU
		{21135360-0EFE-4C10-9491-FF4F9A6194A8}.Debug|Any CPU.Build.0 = Debug|Any CPU
		{21135360-0EFE-4C10-9491-FF4F9A6194A8}.Release|Any CPU.ActiveCfg = Release|Any CPU
		{21135360-0EFE-4C10-9491-FF4F9A6194A8}.Release|Any CPU.Build.0 = Release|Any CPU
		{70BCF127-8C96-4F16-9741-51DC64A7DB86}.Debug|Any CPU.ActiveCfg = Debug|Any CPU
		{70BCF127-8C96-4F16-9741-51DC64A7DB86}.Debug|Any CPU.Build.0 = Debug|Any CPU
		{70BCF127-8C96-4F16-9741-51DC64A7DB86}.Release|Any CPU.ActiveCfg = Release|Any CPU
		{70BCF127-8C96-4F16-9741-51DC64A7DB86}.Release|Any CPU.Build.0 = Release|Any CPU
		{B618B896-BC1A-4050-B80A-BEE526718A04}.Debug|Any CPU.ActiveCfg = Debug|Any CPU
		{B618B896-BC1A-4050-B80A-BEE526718A04}.Debug|Any CPU.Build.0 = Debug|Any CPU
		{B618B896-BC1A-4050-B80A-BEE526718A04}.Release|Any CPU.ActiveCfg = Release|Any CPU
		{B618B896-BC1A-4050-B80A-BEE526718A04}.Release|Any CPU.Build.0 = Release|Any CPU
		{48025231-6AEC-4765-8B34-B56CBE0CC052}.Debug|Any CPU.ActiveCfg = Debug|Any CPU
		{48025231-6AEC-4765-8B34-B56CBE0CC052}.Debug|Any CPU.Build.0 = Debug|Any CPU
		{48025231-6AEC-4765-8B34-B56CBE0CC052}.Release|Any CPU.ActiveCfg = Release|Any CPU
		{48025231-6AEC-4765-8B34-B56CBE0CC052}.Release|Any CPU.Build.0 = Release|Any CPU
		{321AE4A5-0BCC-4219-9C0A-4EBA8BF110D1}.Debug|Any CPU.ActiveCfg = Debug|Any CPU
		{321AE4A5-0BCC-4219-9C0A-4EBA8BF110D1}.Debug|Any CPU.Build.0 = Debug|Any CPU
		{321AE4A5-0BCC-4219-9C0A-4EBA8BF110D1}.Release|Any CPU.ActiveCfg = Release|Any CPU
		{321AE4A5-0BCC-4219-9C0A-4EBA8BF110D1}.Release|Any CPU.Build.0 = Release|Any CPU
		{0FBC34E0-2EC6-4813-A9A6-C489A8C0AB95}.Debug|Any CPU.ActiveCfg = Debug|Any CPU
		{0FBC34E0-2EC6-4813-A9A6-C489A8C0AB95}.Debug|Any CPU.Build.0 = Debug|Any CPU
		{0FBC34E0-2EC6-4813-A9A6-C489A8C0AB95}.Release|Any CPU.ActiveCfg = Release|Any CPU
		{0FBC34E0-2EC6-4813-A9A6-C489A8C0AB95}.Release|Any CPU.Build.0 = Release|Any CPU
	EndGlobalSection
	GlobalSection(SolutionProperties) = preSolution
		HideSolutionNode = FALSE
	EndGlobalSection
EndGlobal
